
Microsoft Visual Studio Solution File, Format Version 12.00
# Visual Studio Version 16
VisualStudioVersion = 16.0.30907.101
MinimumVisualStudioVersion = 10.0.40219.1
Project("{8BC9CEB8-8B4A-11D0-8D11-00A0C91BC942}") = "treasureCave_maze", "treasureCave_maze.vcxproj", "{DED7BC0D-BBB8-4FD2-AD26-E1C803F53636}"
EndProject
Global
	GlobalSection(SolutionConfigurationPlatforms) = preSolution
		Debug|x64 = Debug|x64
		Debug|x86 = Debug|x86
		Release|x64 = Release|x64
		Release|x86 = Release|x86
	EndGlobalSection
	GlobalSection(ProjectConfigurationPlatforms) = postSolution
		{DED7BC0D-BBB8-4FD2-AD26-E1C803F53636}.Debug|x64.ActiveCfg = Debug|x64
		{DED7BC0D-BBB8-4FD2-AD26-E1C803F53636}.Debug|x64.Build.0 = Debug|x64
		{DED7BC0D-BBB8-4FD2-AD26-E1C803F53636}.Debug|x86.ActiveCfg = Debug|Win32
		{DED7BC0D-BBB8-4FD2-AD26-E1C803F53636}.Debug|x86.Build.0 = Debug|Win32
		{DED7BC0D-BBB8-4FD2-AD26-E1C803F53636}.Release|x64.ActiveCfg = Release|x64
		{DED7BC0D-BBB8-4FD2-AD26-E1C803F53636}.Release|x64.Build.0 = Release|x64
		{DED7BC0D-BBB8-4FD2-AD26-E1C803F53636}.Release|x86.ActiveCfg = Release|Win32
		{DED7BC0D-BBB8-4FD2-AD26-E1C803F53636}.Release|x86.Build.0 = Release|Win32
	EndGlobalSection
	GlobalSection(SolutionProperties) = preSolution
		HideSolutionNode = FALSE
	EndGlobalSection
	GlobalSection(ExtensibilityGlobals) = postSolution
		SolutionGuid = {3CFC785B-0549-42E7-8D7B-C17BA6796AF1}
	EndGlobalSection
EndGlobal
